lockfileVersion: '9.0'

settings:
  autoInstallPeers: true
  excludeLinksFromLockfile: false

importers:

  .:
    dependencies:
      zod:
        specifier: ^3.24.2
        version: 3.25.76
    devDependencies:
      '@faker-js/faker':
        specifier: ^9.9.0
        version: 9.9.0

packages:

  '@faker-js/faker@9.9.0':
    resolution: {integrity: sha512-OEl393iCOoo/z8bMezRlJu+GlRGlsKbUAN7jKB6LhnKoqKve5DXRpalbItIIcwnCjs1k/FOPjFzcA6Qn+H+YbA==}
    engines: {node: '>=18.0.0', npm: '>=9.0.0'}

  zod@3.25.76:
    resolution: {integrity: sha512-gzUt/qt81nXsFGKIFcC3YnfEAx5NkunCfnDlvuBSSFS02bcXu4Lmea0AFIUwbLWxWPx3d9p8S5QoaujKcNQxcQ==}

snapshots:

  '@faker-js/faker@9.9.0': {}

  zod@3.25.76: {}
